
Microsoft Visual Studio Solution File, Format Version 12.00
# Visual Studio Version 17
VisualStudioVersion = 17.4.33213.308
MinimumVisualStudioVersion = 10.0.40219.1
Project("{FAE04EC0-301F-11D3-BF4B-00C04F79EFBC}") = "Apk", "Apk\Apk.csproj", "{8AC4B237-2C50-4E15-830A-E4850D86EE47}"
EndProject
Global
	GlobalSection(SolutionConfigurationPlatforms) = preSolution
		Debug|Any CPU = Debug|Any CPU
		Release|Any CPU = Release|Any CPU
	EndGlobalSection
	GlobalSection(ProjectConfigurationPlatforms) = postSolution
		{8AC4B237-2C50-4E15-830A-E4850D86EE47}.Debug|Any CPU.ActiveCfg = Debug|Any CPU
		{8AC4B237-2C50-4E15-830A-E4850D86EE47}.Debug|Any CPU.Build.0 = Debug|Any CPU
		{8AC4B237-2C50-4E15-830A-E4850D86EE47}.Release|Any CPU.ActiveCfg = Release|Any CPU
		{8AC4B237-2C50-4E15-830A-E4850D86EE47}.Release|Any CPU.Build.0 = Release|Any CPU
	EndGlobalSection
	GlobalSection(SolutionProperties) = preSolution
		HideSolutionNode = FALSE
	EndGlobalSection
	GlobalSection(ExtensibilityGlobals) = postSolution
		SolutionGuid = {E29CE874-5ECC-4FAB-A5FC-9E5F240E7EE6}
	EndGlobalSection
EndGlobal
